
Microsoft Visual Studio Solution File, Format Version 12.00
# Visual Studio Version 17
VisualStudioVersion = 17.8.34330.188
MinimumVisualStudioVersion = 10.0.40219.1
Project("{9A19103F-16F7-4668-BE54-9A1E7A4F7556}") = "FlightTest", "FlightTest.csproj", "{1046DD0D-F48D-468D-91E2-789FBC8927B3}"
EndProject
Project("{9A19103F-16F7-4668-BE54-9A1E7A4F7556}") = "Domain.Tests", "..\Domain.Tests\Domain.Tests.csproj", "{7150913E-8162-4428-9568-11FB603EF6CA}"
EndProject
Project("{9A19103F-16F7-4668-BE54-9A1E7A4F7556}") = "Domain", "..\Domain\Domain.csproj", "{617C25F3-5C08-4B38-B140-FA6097158F44}"
EndProject
Project("{FAE04EC0-301F-11D3-BF4B-00C04F79EFBC}") = "Application.Tests", "..\Application.Tests\Application.Tests.csproj", "{38789344-A6C4-4432-AEC6-59EBC14FD2A5}"
EndProject
Project("{FAE04EC0-301F-11D3-BF4B-00C04F79EFBC}") = "Application", "..\Application\Application.csproj", "{0EED87BC-317C-478A-BA7C-550855F6261C}"
EndProject
Project("{FAE04EC0-301F-11D3-BF4B-00C04F79EFBC}") = "Data", "..\Data\Data.csproj", "{9CCABFFF-1B64-4B76-A78E-2663FBCCB023}"
EndProject
Global
	GlobalSection(SolutionConfigurationPlatforms) = preSolution
		Debug|Any CPU = Debug|Any CPU
		Release|Any CPU = Release|Any CPU
	EndGlobalSection
	GlobalSection(ProjectConfigurationPlatforms) = postSolution
		{1046DD0D-F48D-468D-91E2-789FBC8927B3}.Debug|Any CPU.ActiveCfg = Debug|Any CPU
		{1046DD0D-F48D-468D-91E2-789FBC8927B3}.Debug|Any CPU.Build.0 = Debug|Any CPU
		{1046DD0D-F48D-468D-91E2-789FBC8927B3}.Release|Any CPU.ActiveCfg = Release|Any CPU
		{1046DD0D-F48D-468D-91E2-789FBC8927B3}.Release|Any CPU.Build.0 = Release|Any CPU
		{7150913E-8162-4428-9568-11FB603EF6CA}.Debug|Any CPU.ActiveCfg = Debug|Any CPU
		{7150913E-8162-4428-9568-11FB603EF6CA}.Debug|Any CPU.Build.0 = Debug|Any CPU
		{7150913E-8162-4428-9568-11FB603EF6CA}.Release|Any CPU.ActiveCfg = Release|Any CPU
		{7150913E-8162-4428-9568-11FB603EF6CA}.Release|Any CPU.Build.0 = Release|Any CPU
		{617C25F3-5C08-4B38-B140-FA6097158F44}.Debug|Any CPU.ActiveCfg = Debug|Any CPU
		{617C25F3-5C08-4B38-B140-FA6097158F44}.Debug|Any CPU.Build.0 = Debug|Any CPU
		{617C25F3-5C08-4B38-B140-FA6097158F44}.Release|Any CPU.ActiveCfg = Release|Any CPU
		{617C25F3-5C08-4B38-B140-FA6097158F44}.Release|Any CPU.Build.0 = Release|Any CPU
		{38789344-A6C4-4432-AEC6-59EBC14FD2A5}.Debug|Any CPU.ActiveCfg = Debug|Any CPU
		{38789344-A6C4-4432-AEC6-59EBC14FD2A5}.Debug|Any CPU.Build.0 = Debug|Any CPU
		{38789344-A6C4-4432-AEC6-59EBC14FD2A5}.Release|Any CPU.ActiveCfg = Release|Any CPU
		{38789344-A6C4-4432-AEC6-59EBC14FD2A5}.Release|Any CPU.Build.0 = Release|Any CPU
		{0EED87BC-317C-478A-BA7C-550855F6261C}.Debug|Any CPU.ActiveCfg = Debug|Any CPU
		{0EED87BC-317C-478A-BA7C-550855F6261C}.Debug|Any CPU.Build.0 = Debug|Any CPU
		{0EED87BC-317C-478A-BA7C-550855F6261C}.Release|Any CPU.ActiveCfg = Release|Any CPU
		{0EED87BC-317C-478A-BA7C-550855F6261C}.Release|Any CPU.Build.0 = Release|Any CPU
		{9CCABFFF-1B64-4B76-A78E-2663FBCCB023}.Debug|Any CPU.ActiveCfg = Debug|Any CPU
		{9CCABFFF-1B64-4B76-A78E-2663FBCCB023}.Debug|Any CPU.Build.0 = Debug|Any CPU
		{9CCABFFF-1B64-4B76-A78E-2663FBCCB023}.Release|Any CPU.ActiveCfg = Release|Any CPU
		{9CCABFFF-1B64-4B76-A78E-2663FBCCB023}.Release|Any CPU.Build.0 = Release|Any CPU
	EndGlobalSection
	GlobalSection(SolutionProperties) = preSolution
		HideSolutionNode = FALSE
	EndGlobalSection
	GlobalSection(ExtensibilityGlobals) = postSolution
		SolutionGuid = {7CBCD2EF-91B1-4A73-8889-45D85A8F860D}
	EndGlobalSection
EndGlobal
