
Microsoft Visual Studio Solution File, Format Version 12.00
# Visual Studio Version 17
VisualStudioVersion = 17.8.34330.188
MinimumVisualStudioVersion = 10.0.40219.1
Project("{FAE04EC0-301F-11D3-BF4B-00C04F79EFBC}") = "TaskProgramming", "TaskProgramming.csproj", "{361E7F21-4EDA-4AD2-B88B-A25BC685663F}"
EndProject
Global
	GlobalSection(SolutionConfigurationPlatforms) = preSolution
		Debug|Any CPU = Debug|Any CPU
		Release|Any CPU = Release|Any CPU
	EndGlobalSection
	GlobalSection(ProjectConfigurationPlatforms) = postSolution
		{361E7F21-4EDA-4AD2-B88B-A25BC685663F}.Debug|Any CPU.ActiveCfg = Debug|Any CPU
		{361E7F21-4EDA-4AD2-B88B-A25BC685663F}.Debug|Any CPU.Build.0 = Debug|Any CPU
		{361E7F21-4EDA-4AD2-B88B-A25BC685663F}.Release|Any CPU.ActiveCfg = Release|Any CPU
		{361E7F21-4EDA-4AD2-B88B-A25BC685663F}.Release|Any CPU.Build.0 = Release|Any CPU
	EndGlobalSection
	GlobalSection(SolutionProperties) = preSolution
		HideSolutionNode = FALSE
	EndGlobalSection
	GlobalSection(ExtensibilityGlobals) = postSolution
		SolutionGuid = {FEE0CC40-5793-4C7B-B755-62828BD9BB17}
	EndGlobalSection
EndGlobal
