
Microsoft Visual Studio Solution File, Format Version 12.00
# Visual Studio Version 17
VisualStudioVersion = 17.8.34330.188
MinimumVisualStudioVersion = 10.0.40219.1
Project("{FAE04EC0-301F-11D3-BF4B-00C04F79EFBC}") = "ConcurrentCollections", "ConcurrentCollections.csproj", "{F3FCC4CC-1D89-4200-ADFE-BEA5FC597DC6}"
EndProject
Global
	GlobalSection(SolutionConfigurationPlatforms) = preSolution
		Debug|Any CPU = Debug|Any CPU
		Release|Any CPU = Release|Any CPU
	EndGlobalSection
	GlobalSection(ProjectConfigurationPlatforms) = postSolution
		{F3FCC4CC-1D89-4200-ADFE-BEA5FC597DC6}.Debug|Any CPU.ActiveCfg = Debug|Any CPU
		{F3FCC4CC-1D89-4200-ADFE-BEA5FC597DC6}.Debug|Any CPU.Build.0 = Debug|Any CPU
		{F3FCC4CC-1D89-4200-ADFE-BEA5FC597DC6}.Release|Any CPU.ActiveCfg = Release|Any CPU
		{F3FCC4CC-1D89-4200-ADFE-BEA5FC597DC6}.Release|Any CPU.Build.0 = Release|Any CPU
	EndGlobalSection
	GlobalSection(SolutionProperties) = preSolution
		HideSolutionNode = FALSE
	EndGlobalSection
	GlobalSection(ExtensibilityGlobals) = postSolution
		SolutionGuid = {230CA488-68A0-4A95-97E9-3026E46C0169}
	EndGlobalSection
EndGlobal
